
Microsoft Visual Studio Solution File, Format Version 12.00
# Visual Studio Version 17
VisualStudioVersion = 17.3.32819.101
MinimumVisualStudioVersion = 10.0.40219.1
Project("{FAE04EC0-301F-11D3-BF4B-00C04F79EFBC}") = "BananaGitHub", "BananaGitHub.csproj", "{C972F518-82AD-47E1-A17D-FD7BD9A9B968}"
EndProject
Global
	GlobalSection(SolutionConfigurationPlatforms) = preSolution
		Debug|Any CPU = Debug|Any CPU
		Release|Any CPU = Release|Any CPU
	EndGlobalSection
	GlobalSection(ProjectConfigurationPlatforms) = postSolution
		{C972F518-82AD-47E1-A17D-FD7BD9A9B968}.Debug|Any CPU.ActiveCfg = Debug|Any CPU
		{C972F518-82AD-47E1-A17D-FD7BD9A9B968}.Debug|Any CPU.Build.0 = Debug|Any CPU
		{C972F518-82AD-47E1-A17D-FD7BD9A9B968}.Release|Any CPU.ActiveCfg = Release|Any CPU
		{C972F518-82AD-47E1-A17D-FD7BD9A9B968}.Release|Any CPU.Build.0 = Release|Any CPU
	EndGlobalSection
	GlobalSection(SolutionProperties) = preSolution
		HideSolutionNode = FALSE
	EndGlobalSection
	GlobalSection(ExtensibilityGlobals) = postSolution
		SolutionGuid = {7A323E03-2457-43EF-857A-0C0B81CC1B3B}
	EndGlobalSection
EndGlobal
